
Microsoft Visual Studio Solution File, Format Version 12.00
# Visual Studio 14
VisualStudioVersion = 14.0.23107.0
MinimumVisualStudioVersion = 10.0.40219.1
Project("{FAE04EC0-301F-11D3-BF4B-00C04F79EFBC}") = "SICREE", "UI\SICREE.csproj", "{8DEE20F5-0C31-44F6-9205-420969EC54F8}"
EndProject
Project("{FAE04EC0-301F-11D3-BF4B-00C04F79EFBC}") = "REGRASDENEGOCIO", "REGRASDENEGOCIO\REGRASDENEGOCIO.csproj", "{C1E7401B-E5F4-4BF2-B64A-A9FA5F568047}"
EndProject
Project("{FAE04EC0-301F-11D3-BF4B-00C04F79EFBC}") = "ACESSOABASEDEDADOS", "ACESSOABASEDEDADOS\ACESSOABASEDEDADOS.csproj", "{215778CB-66BC-4C00-9871-271D21FA4A15}"
EndProject
Project("{FAE04EC0-301F-11D3-BF4B-00C04F79EFBC}") = "PROPRIEDADES", "PROPRIEDADES\PROPRIEDADES.csproj", "{82585B9B-ADEF-4582-954F-83165D475B82}"
EndProject
Global
	GlobalSection(SolutionConfigurationPlatforms) = preSolution
		Debug|Any CPU = Debug|Any CPU
		Debug|x86 = Debug|x86
		Release|Any CPU = Release|Any CPU
		Release|x86 = Release|x86
	EndGlobalSection
	GlobalSection(ProjectConfigurationPlatforms) = postSolution
		{8DEE20F5-0C31-44F6-9205-420969EC54F8}.Debug|Any CPU.ActiveCfg = Debug|Any CPU
		{8DEE20F5-0C31-44F6-9205-420969EC54F8}.Debug|Any CPU.Build.0 = Debug|Any CPU
		{8DEE20F5-0C31-44F6-9205-420969EC54F8}.Debug|x86.ActiveCfg = Debug|x86
		{8DEE20F5-0C31-44F6-9205-420969EC54F8}.Debug|x86.Build.0 = Debug|x86
		{8DEE20F5-0C31-44F6-9205-420969EC54F8}.Release|Any CPU.ActiveCfg = Release|Any CPU
		{8DEE20F5-0C31-44F6-9205-420969EC54F8}.Release|Any CPU.Build.0 = Release|Any CPU
		{8DEE20F5-0C31-44F6-9205-420969EC54F8}.Release|x86.ActiveCfg = Release|x86
		{8DEE20F5-0C31-44F6-9205-420969EC54F8}.Release|x86.Build.0 = Release|x86
		{C1E7401B-E5F4-4BF2-B64A-A9FA5F568047}.Debug|Any CPU.ActiveCfg = Debug|Any CPU
		{C1E7401B-E5F4-4BF2-B64A-A9FA5F568047}.Debug|Any CPU.Build.0 = Debug|Any CPU
		{C1E7401B-E5F4-4BF2-B64A-A9FA5F568047}.Debug|x86.ActiveCfg = Debug|x86
		{C1E7401B-E5F4-4BF2-B64A-A9FA5F568047}.Debug|x86.Build.0 = Debug|x86
		{C1E7401B-E5F4-4BF2-B64A-A9FA5F568047}.Release|Any CPU.ActiveCfg = Release|Any CPU
		{C1E7401B-E5F4-4BF2-B64A-A9FA5F568047}.Release|Any CPU.Build.0 = Release|Any CPU
		{C1E7401B-E5F4-4BF2-B64A-A9FA5F568047}.Release|x86.ActiveCfg = Release|x86
		{C1E7401B-E5F4-4BF2-B64A-A9FA5F568047}.Release|x86.Build.0 = Release|x86
		{215778CB-66BC-4C00-9871-271D21FA4A15}.Debug|Any CPU.ActiveCfg = Debug|Any CPU
		{215778CB-66BC-4C00-9871-271D21FA4A15}.Debug|Any CPU.Build.0 = Debug|Any CPU
		{215778CB-66BC-4C00-9871-271D21FA4A15}.Debug|x86.ActiveCfg = Debug|x86
		{215778CB-66BC-4C00-9871-271D21FA4A15}.Debug|x86.Build.0 = Debug|x86
		{215778CB-66BC-4C00-9871-271D21FA4A15}.Release|Any CPU.ActiveCfg = Release|Any CPU
		{215778CB-66BC-4C00-9871-271D21FA4A15}.Release|Any CPU.Build.0 = Release|Any CPU
		{215778CB-66BC-4C00-9871-271D21FA4A15}.Release|x86.ActiveCfg = Release|x86
		{215778CB-66BC-4C00-9871-271D21FA4A15}.Release|x86.Build.0 = Release|x86
		{82585B9B-ADEF-4582-954F-83165D475B82}.Debug|Any CPU.ActiveCfg = Debug|Any CPU
		{82585B9B-ADEF-4582-954F-83165D475B82}.Debug|Any CPU.Build.0 = Debug|Any CPU
		{82585B9B-ADEF-4582-954F-83165D475B82}.Debug|x86.ActiveCfg = Debug|x86
		{82585B9B-ADEF-4582-954F-83165D475B82}.Debug|x86.Build.0 = Debug|x86
		{82585B9B-ADEF-4582-954F-83165D475B82}.Release|Any CPU.ActiveCfg = Release|Any CPU
		{82585B9B-ADEF-4582-954F-83165D475B82}.Release|Any CPU.Build.0 = Release|Any CPU
		{82585B9B-ADEF-4582-954F-83165D475B82}.Release|x86.ActiveCfg = Release|x86
		{82585B9B-ADEF-4582-954F-83165D475B82}.Release|x86.Build.0 = Release|x86
	EndGlobalSection
	GlobalSection(SolutionProperties) = preSolution
		HideSolutionNode = FALSE
	EndGlobalSection
EndGlobal
